
Microsoft Visual Studio Solution File, Format Version 12.00
# Visual Studio Version 17
VisualStudioVersion = 17.7.34003.232
MinimumVisualStudioVersion = 10.0.40219.1
Project("{FAE04EC0-301F-11D3-BF4B-00C04F79EFBC}") = "Zadanie 2.2", "Zadanie 2.2\Zadanie 2.2.csproj", "{1DA9C92E-35E3-4E38-9F4F-1A7E7C574F1F}"
EndProject
Global
	GlobalSection(SolutionConfigurationPlatforms) = preSolution
		Debug|Any CPU = Debug|Any CPU
		Release|Any CPU = Release|Any CPU
	EndGlobalSection
	GlobalSection(ProjectConfigurationPlatforms) = postSolution
		{1DA9C92E-35E3-4E38-9F4F-1A7E7C574F1F}.Debug|Any CPU.ActiveCfg = Debug|Any CPU
		{1DA9C92E-35E3-4E38-9F4F-1A7E7C574F1F}.Debug|Any CPU.Build.0 = Debug|Any CPU
		{1DA9C92E-35E3-4E38-9F4F-1A7E7C574F1F}.Release|Any CPU.ActiveCfg = Release|Any CPU
		{1DA9C92E-35E3-4E38-9F4F-1A7E7C574F1F}.Release|Any CPU.Build.0 = Release|Any CPU
	EndGlobalSection
	GlobalSection(SolutionProperties) = preSolution
		HideSolutionNode = FALSE
	EndGlobalSection
	GlobalSection(ExtensibilityGlobals) = postSolution
		SolutionGuid = {7AF06291-3221-4331-979D-050C7B9AF8DC}
	EndGlobalSection
EndGlobal
